
Microsoft Visual Studio Solution File, Format Version 12.00
# Visual Studio Version 16
VisualStudioVersion = 16.0.31729.503
MinimumVisualStudioVersion = 10.0.40219.1
Project("{FAE04EC0-301F-11D3-BF4B-00C04F79EFBC}") = "Joc Quiz BUN", "Joc Quiz BUN\Joc Quiz BUN.csproj", "{C483E669-7223-4CF6-9707-B6F375AD89A5}"
EndProject
Global
	GlobalSection(SolutionConfigurationPlatforms) = preSolution
		Debug|Any CPU = Debug|Any CPU
		Release|Any CPU = Release|Any CPU
	EndGlobalSection
	GlobalSection(ProjectConfigurationPlatforms) = postSolution
		{C483E669-7223-4CF6-9707-B6F375AD89A5}.Debug|Any CPU.ActiveCfg = Debug|Any CPU
		{C483E669-7223-4CF6-9707-B6F375AD89A5}.Debug|Any CPU.Build.0 = Debug|Any CPU
		{C483E669-7223-4CF6-9707-B6F375AD89A5}.Release|Any CPU.ActiveCfg = Release|Any CPU
		{C483E669-7223-4CF6-9707-B6F375AD89A5}.Release|Any CPU.Build.0 = Release|Any CPU
	EndGlobalSection
	GlobalSection(SolutionProperties) = preSolution
		HideSolutionNode = FALSE
	EndGlobalSection
	GlobalSection(ExtensibilityGlobals) = postSolution
		SolutionGuid = {44D35B3B-FD81-42EB-B3DB-194BA7079068}
	EndGlobalSection
EndGlobal
